{
  "name": "osumapper",
  "version": "6.2.0",
  "lockfileVersion": 1,
  "requires": true,
  "dependencies": {
    "big-integer": {
      "version": "1.6.34",
      "resolved": "https://registry.npmjs.org/big-integer/-/big-integer-1.6.34.tgz",
      "integrity": "sha512-+w6B0Uo0ZvTSzDkXjoBCTNK0oe+aVL+yPi7kwGZm8hd8+Nj1AFPoxoq1Bl/mEu/G/ivOkUc1LRqVR0XeWFUzuA=="
    },
    "complex.js": {
      "version": "2.0.11",
      "resolved": "https://registry.npmjs.org/complex.js/-/complex.js-2.0.11.tgz",
      "integrity": "sha512-6IArJLApNtdg1P1dFtn3dnyzoZBEF0MwMnrfF1exSBRpZYoy4yieMkpZhQDC0uwctw48vii0CFVyHfpgZ/DfGw=="
    },
    "fraction.js": {
      "version": "4.0.9",
      "resolved": "https://registry.npmjs.org/fraction.js/-/fraction.js-4.0.9.tgz",
      "integrity": "sha512-qP1sNwdrcA+Vs5TTvGETuaaUmz4Tm48V6Jc+8Oh/gqvkb1d42s99w5kvSrZkIATp/mz3rV4CTef6xINkCofu+A=="
    },
    "polynomial": {
      "version": "1.4.3",
      "resolved": "https://registry.npmjs.org/polynomial/-/polynomial-1.4.3.tgz",
      "integrity": "sha512-Yf9er7dXiA5jTVaaJc9oGSFB41JW7wigbc1m/nUQ0bOzz0gaY0Ti3HSrvIc4K6vwJ6MsN4eja+8ytLno1z/y1A==",
      "requires": {
        "big-integer": "*",
        "complex.js": "*",
        "fraction.js": "*",
        "quaternion": "*"
      }
    },
    "quaternion": {
      "version": "1.0.5",
      "resolved": "https://registry.npmjs.org/quaternion/-/quaternion-1.0.5.tgz",
      "integrity": "sha512-StmkfFTHZ2CUA9b2qVCOaPZnuiR4W7YgRtrdCefICs4z+ny1qG3lpQ6UN33aC54h0r+i4D7sikvdg8Dv2DLGpw=="
    }
  }
}
